# THIS IS AN AUTOGENERATED FILE. DO NOT EDIT THIS FILE DIRECTLY.
# yarn lockfile v1


"@remix-run/router@1.9.0":
  version "1.9.0"
  resolved "https://registry.yarnpkg.com/@remix-run/router/-/router-1.9.0.tgz#9033238b41c4cbe1e961eccb3f79e2c588328cf6"
  integrity sha512-bV63itrKBC0zdT27qYm6SDZHlkXwFL1xMBuhkn+X7l0+IIhNaH5wuuvZKp6eKhCD4KFhujhfhCT1YxXW6esUIA==

dom@^0.0.3:
  version "0.0.3"
  resolved "https://registry.yarnpkg.com/dom/-/dom-0.0.3.tgz#16e0c225a0553d8e4362cc4bcd78d8fde59af67b"
  integrity sha512-Uzda1zIAXO8JG2fm6IbJcdzBrRaC5Q308HTIjCXCQHh7ZVACJOeQzYYvd99plJ2/HUpZQk9IxNI/Y+QrO6poIQ==

react-router@^6.16.0:
  version "6.16.0"
  resolved "https://registry.yarnpkg.com/react-router/-/react-router-6.16.0.tgz#abbf3d5bdc9c108c9b822a18be10ee004096fb81"
  integrity sha512-VT4Mmc4jj5YyjpOi5jOf0I+TYzGpvzERy4ckNSvSh2RArv8LLoCxlsZ2D+tc7zgjxcY34oTz2hZaeX5RVprKqA==
  dependencies:
    "@remix-run/router" "1.9.0"
